
Microsoft Visual Studio Solution File, Format Version 12.00
# Visual Studio Version 16
VisualStudioVersion = 16.0.29509.3
MinimumVisualStudioVersion = 10.0.40219.1
Project("{8BC9CEB8-8B4A-11D0-8D11-00A0C91BC942}") = "Lab3", "Lab3\Lab3.vcxproj", "{A06C6590-6CBE-4F2B-93EF-1778261657DD}"
EndProject
Project("{8BC9CEB8-8B4A-11D0-8D11-00A0C91BC942}") = "Lab4", "Lab4\Lab4.vcxproj", "{8A5F654F-3ABC-4896-B638-F3E755FDC3EC}"
EndProject
Project("{8BC9CEB8-8B4A-11D0-8D11-00A0C91BC942}") = "Lab5", "Lab5\Lab5.vcxproj", "{BD7A978F-C557-477E-8628-26FF51C9D709}"
EndProject
Project("{8BC9CEB8-8B4A-11D0-8D11-00A0C91BC942}") = "Lab6", "Lab6\Lab6.vcxproj", "{5175C61D-3ED2-47DC-BB28-60680BA02B0C}"
EndProject
Project("{8BC9CEB8-8B4A-11D0-8D11-00A0C91BC942}") = "Lab7", "Lab7\Lab7.vcxproj", "{3E2559C7-11E3-4BF5-B028-8C69FD628E60}"
EndProject
Project("{8BC9CEB8-8B4A-11D0-8D11-00A0C91BC942}") = "Lab8", "Lab8\Lab8.vcxproj", "{BFB57945-075F-4F25-9D31-6AC2F93A9130}"
EndProject
Project("{8BC9CEB8-8B4A-11D0-8D11-00A0C91BC942}") = "Lab9", "Lab9\Lab9.vcxproj", "{2D63C186-A5B7-4425-AA8E-BC3213145ADB}"
EndProject
Global
	GlobalSection(SolutionConfigurationPlatforms) = preSolution
		Debug|x64 = Debug|x64
		Debug|x86 = Debug|x86
		Release|x64 = Release|x64
		Release|x86 = Release|x86
	EndGlobalSection
	GlobalSection(ProjectConfigurationPlatforms) = postSolution
		{A06C6590-6CBE-4F2B-93EF-1778261657DD}.Debug|x64.ActiveCfg = Debug|x64
		{A06C6590-6CBE-4F2B-93EF-1778261657DD}.Debug|x64.Build.0 = Debug|x64
		{A06C6590-6CBE-4F2B-93EF-1778261657DD}.Debug|x86.ActiveCfg = Debug|Win32
		{A06C6590-6CBE-4F2B-93EF-1778261657DD}.Debug|x86.Build.0 = Debug|Win32
		{A06C6590-6CBE-4F2B-93EF-1778261657DD}.Release|x64.ActiveCfg = Release|x64
		{A06C6590-6CBE-4F2B-93EF-1778261657DD}.Release|x64.Build.0 = Release|x64
		{A06C6590-6CBE-4F2B-93EF-1778261657DD}.Release|x86.ActiveCfg = Release|Win32
		{A06C6590-6CBE-4F2B-93EF-1778261657DD}.Release|x86.Build.0 = Release|Win32
		{8A5F654F-3ABC-4896-B638-F3E755FDC3EC}.Debug|x64.ActiveCfg = Debug|x64
		{8A5F654F-3ABC-4896-B638-F3E755FDC3EC}.Debug|x64.Build.0 = Debug|x64
		{8A5F654F-3ABC-4896-B638-F3E755FDC3EC}.Debug|x86.ActiveCfg = Debug|Win32
		{8A5F654F-3ABC-4896-B638-F3E755FDC3EC}.Debug|x86.Build.0 = Debug|Win32
		{8A5F654F-3ABC-4896-B638-F3E755FDC3EC}.Release|x64.ActiveCfg = Release|x64
		{8A5F654F-3ABC-4896-B638-F3E755FDC3EC}.Release|x64.Build.0 = Release|x64
		{8A5F654F-3ABC-4896-B638-F3E755FDC3EC}.Release|x86.ActiveCfg = Release|Win32
		{8A5F654F-3ABC-4896-B638-F3E755FDC3EC}.Release|x86.Build.0 = Release|Win32
		{BD7A978F-C557-477E-8628-26FF51C9D709}.Debug|x64.ActiveCfg = Debug|x64
		{BD7A978F-C557-477E-8628-26FF51C9D709}.Debug|x64.Build.0 = Debug|x64
		{BD7A978F-C557-477E-8628-26FF51C9D709}.Debug|x86.ActiveCfg = Debug|Win32
		{BD7A978F-C557-477E-8628-26FF51C9D709}.Debug|x86.Build.0 = Debug|Win32
		{BD7A978F-C557-477E-8628-26FF51C9D709}.Release|x64.ActiveCfg = Release|x64
		{BD7A978F-C557-477E-8628-26FF51C9D709}.Release|x64.Build.0 = Release|x64
		{BD7A978F-C557-477E-8628-26FF51C9D709}.Release|x86.ActiveCfg = Release|Win32
		{BD7A978F-C557-477E-8628-26FF51C9D709}.Release|x86.Build.0 = Release|Win32
		{5175C61D-3ED2-47DC-BB28-60680BA02B0C}.Debug|x64.ActiveCfg = Debug|x64
		{5175C61D-3ED2-47DC-BB28-60680BA02B0C}.Debug|x64.Build.0 = Debug|x64
		{5175C61D-3ED2-47DC-BB28-60680BA02B0C}.Debug|x86.ActiveCfg = Debug|Win32
		{5175C61D-3ED2-47DC-BB28-60680BA02B0C}.Debug|x86.Build.0 = Debug|Win32
		{5175C61D-3ED2-47DC-BB28-60680BA02B0C}.Release|x64.ActiveCfg = Release|x64
		{5175C61D-3ED2-47DC-BB28-60680BA02B0C}.Release|x64.Build.0 = Release|x64
		{5175C61D-3ED2-47DC-BB28-60680BA02B0C}.Release|x86.ActiveCfg = Release|Win32
		{5175C61D-3ED2-47DC-BB28-60680BA02B0C}.Release|x86.Build.0 = Release|Win32
		{3E2559C7-11E3-4BF5-B028-8C69FD628E60}.Debug|x64.ActiveCfg = Debug|x64
		{3E2559C7-11E3-4BF5-B028-8C69FD628E60}.Debug|x64.Build.0 = Debug|x64
		{3E2559C7-11E3-4BF5-B028-8C69FD628E60}.Debug|x86.ActiveCfg = Debug|Win32
		{3E2559C7-11E3-4BF5-B028-8C69FD628E60}.Debug|x86.Build.0 = Debug|Win32
		{3E2559C7-11E3-4BF5-B028-8C69FD628E60}.Release|x64.ActiveCfg = Release|x64
		{3E2559C7-11E3-4BF5-B028-8C69FD628E60}.Release|x64.Build.0 = Release|x64
		{3E2559C7-11E3-4BF5-B028-8C69FD628E60}.Release|x86.ActiveCfg = Release|Win32
		{3E2559C7-11E3-4BF5-B028-8C69FD628E60}.Release|x86.Build.0 = Release|Win32
		{BFB57945-075F-4F25-9D31-6AC2F93A9130}.Debug|x64.ActiveCfg = Debug|x64
		{BFB57945-075F-4F25-9D31-6AC2F93A9130}.Debug|x64.Build.0 = Debug|x64
		{BFB57945-075F-4F25-9D31-6AC2F93A9130}.Debug|x86.ActiveCfg = Debug|Win32
		{BFB57945-075F-4F25-9D31-6AC2F93A9130}.Debug|x86.Build.0 = Debug|Win32
		{BFB57945-075F-4F25-9D31-6AC2F93A9130}.Release|x64.ActiveCfg = Release|x64
		{BFB57945-075F-4F25-9D31-6AC2F93A9130}.Release|x64.Build.0 = Release|x64
		{BFB57945-075F-4F25-9D31-6AC2F93A9130}.Release|x86.ActiveCfg = Release|Win32
		{BFB57945-075F-4F25-9D31-6AC2F93A9130}.Release|x86.Build.0 = Release|Win32
		{2D63C186-A5B7-4425-AA8E-BC3213145ADB}.Debug|x64.ActiveCfg = Debug|x64
		{2D63C186-A5B7-4425-AA8E-BC3213145ADB}.Debug|x64.Build.0 = Debug|x64
		{2D63C186-A5B7-4425-AA8E-BC3213145ADB}.Debug|x86.ActiveCfg = Debug|Win32
		{2D63C186-A5B7-4425-AA8E-BC3213145ADB}.Debug|x86.Build.0 = Debug|Win32
		{2D63C186-A5B7-4425-AA8E-BC3213145ADB}.Release|x64.ActiveCfg = Release|x64
		{2D63C186-A5B7-4425-AA8E-BC3213145ADB}.Release|x64.Build.0 = Release|x64
		{2D63C186-A5B7-4425-AA8E-BC3213145ADB}.Release|x86.ActiveCfg = Release|Win32
		{2D63C186-A5B7-4425-AA8E-BC3213145ADB}.Release|x86.Build.0 = Release|Win32
	EndGlobalSection
	GlobalSection(SolutionProperties) = preSolution
		HideSolutionNode = FALSE
	EndGlobalSection
	GlobalSection(ExtensibilityGlobals) = postSolution
		SolutionGuid = {565C68D6-2C36-402F-AB4F-C17D041B141E}
	EndGlobalSection
EndGlobal
